// !$*UTF8*$!
{
	archiveVersion = 1;
	classes = {
	};
	objectVersion = 51;
	objects = {

/* Begin PBXBuildFile section */
		685E2842F27CF0A2BB8606DD /* Pods_ePool.framework in Frameworks */ = {isa = PBXBuildFile; fileRef = C705517C8454EF4C7551C928 /* Pods_ePool.framework */; };
		7A950B8422E4398C0044E126 /* TripActiveTableViewCell.swift in Sources */ = {isa = PBXBuildFile; fileRef = 7A950B8322E4398C0044E126 /* TripActiveTableViewCell.swift */; };
		7A950B8622E439B30044E126 /* TripPastTableViewCell.swift in Sources */ = {isa = PBXBuildFile; fileRef = 7A950B8522E439B30044E126 /* TripPastTableViewCell.swift */; };
		7A9E951822E40C2900201E36 /* MyRidesViewController.storyboard in Resources */ = {isa = PBXBuildFile; fileRef = 7A9E951722E40C2900201E36 /* MyRidesViewController.storyboard */; };
		7A9E951A22E42D6900201E36 /* MyRidesViewController.swift in Sources */ = {isa = PBXBuildFile; fileRef = 7A9E951922E42D6900201E36 /* MyRidesViewController.swift */; };
		AB3A4A7122E3B72C003DAAD0 /* AppDelegate.swift in Sources */ = {isa = PBXBuildFile; fileRef = AB3A4A7022E3B72C003DAAD0 /* AppDelegate.swift */; };
		AB3A4A7322E3B72C003DAAD0 /* ViewController.swift in Sources */ = {isa = PBXBuildFile; fileRef = AB3A4A7222E3B72C003DAAD0 /* ViewController.swift */; };
		AB3A4A7622E3B72C003DAAD0 /* Main.storyboard in Resources */ = {isa = PBXBuildFile; fileRef = AB3A4A7422E3B72C003DAAD0 /* Main.storyboard */; };
		AB3A4A7822E3B72D003DAAD0 /* Assets.xcassets in Resources */ = {isa = PBXBuildFile; fileRef = AB3A4A7722E3B72D003DAAD0 /* Assets.xcassets */; };
		AB3A4A7B22E3B72D003DAAD0 /* LaunchScreen.storyboard in Resources */ = {isa = PBXBuildFile; fileRef = AB3A4A7922E3B72D003DAAD0 /* LaunchScreen.storyboard */; };
		AB3A4A8722E3F218003DAAD0 /* MapView.swift in Sources */ = {isa = PBXBuildFile; fileRef = AB3A4A8622E3F218003DAAD0 /* MapView.swift */; };
		AB3A4A8A22E3F952003DAAD0 /* HomeCell.swift in Sources */ = {isa = PBXBuildFile; fileRef = AB3A4A8922E3F952003DAAD0 /* HomeCell.swift */; };
		AB3A4A8C22E402DE003DAAD0 /* HomeTBVC.swift in Sources */ = {isa = PBXBuildFile; fileRef = AB3A4A8B22E402DE003DAAD0 /* HomeTBVC.swift */; };
		AB3A4A9022E40A61003DAAD0 /* TabBar.swift in Sources */ = {isa = PBXBuildFile; fileRef = AB3A4A8F22E40A61003DAAD0 /* TabBar.swift */; };
		AB3A4A9222E40AD1003DAAD0 /* extensions.swift in Sources */ = {isa = PBXBuildFile; fileRef = AB3A4A9122E40AD1003DAAD0 /* extensions.swift */; };
		AB3A4A9422E42118003DAAD0 /* TripDetailView.swift in Sources */ = {isa = PBXBuildFile; fileRef = AB3A4A9322E42118003DAAD0 /* TripDetailView.swift */; };
		E9F3D72922E40ADD0044D53C /* eBayService.swift in Sources */ = {isa = PBXBuildFile; fileRef = E9F3D72822E40ADD0044D53C /* eBayService.swift */; };
		E9F3D72B22E412BA0044D53C /* eBayAPI.swift in Sources */ = {isa = PBXBuildFile; fileRef = E9F3D72A22E412BA0044D53C /* eBayAPI.swift */; };
/* End PBXBuildFile section */

/* Begin PBXFileReference section */
		7A950B8322E4398C0044E126 /* TripActiveTableViewCell.swift */ = {isa = PBXFileReference; lastKnownFileType = sourcecode.swift; path = TripActiveTableViewCell.swift; sourceTree = "<group>"; };
		7A950B8522E439B30044E126 /* TripPastTableViewCell.swift */ = {isa = PBXFileReference; lastKnownFileType = sourcecode.swift; path = TripPastTableViewCell.swift; sourceTree = "<group>"; };
		7A9E951722E40C2900201E36 /* MyRidesViewController.storyboard */ = {isa = PBXFileReference; lastKnownFileType = file.storyboard; path = MyRidesViewController.storyboard; sourceTree = "<group>"; };
		7A9E951922E42D6900201E36 /* MyRidesViewController.swift */ = {isa = PBXFileReference; lastKnownFileType = sourcecode.swift; path = MyRidesViewController.swift; sourceTree = "<group>"; };
		AB3A4A6D22E3B72C003DAAD0 /* ePool.app */ = {isa = PBXFileReference; explicitFileType = wrapper.application; includeInIndex = 0; path = ePool.app; sourceTree = BUILT_PRODUCTS_DIR; };
		AB3A4A7022E3B72C003DAAD0 /* AppDelegate.swift */ = {isa = PBXFileReference; lastKnownFileType = sourcecode.swift; path = AppDelegate.swift; sourceTree = "<group>"; };
		AB3A4A7222E3B72C003DAAD0 /* ViewController.swift */ = {isa = PBXFileReference; lastKnownFileType = sourcecode.swift; path = ViewController.swift; sourceTree = "<group>"; };
		AB3A4A7522E3B72C003DAAD0 /* Base */ = {isa = PBXFileReference; lastKnownFileType = file.storyboard; name = Base; path = Base.lproj/Main.storyboard; sourceTree = "<group>"; };
		AB3A4A7722E3B72D003DAAD0 /* Assets.xcassets */ = {isa = PBXFileReference; lastKnownFileType = folder.assetcatalog; path = Assets.xcassets; sourceTree = "<group>"; };
		AB3A4A7A22E3B72D003DAAD0 /* Base */ = {isa = PBXFileReference; lastKnownFileType = file.storyboard; name = Base; path = Base.lproj/LaunchScreen.storyboard; sourceTree = "<group>"; };
		AB3A4A7C22E3B72D003DAAD0 /* Info.plist */ = {isa = PBXFileReference; lastKnownFileType = text.plist.xml; path = Info.plist; sourceTree = "<group>"; };
		AB3A4A8622E3F218003DAAD0 /* MapView.swift */ = {isa = PBXFileReference; lastKnownFileType = sourcecode.swift; path = MapView.swift; sourceTree = "<group>"; };
		AB3A4A8922E3F952003DAAD0 /* HomeCell.swift */ = {isa = PBXFileReference; lastKnownFileType = sourcecode.swift; path = HomeCell.swift; sourceTree = "<group>"; };
		AB3A4A8B22E402DE003DAAD0 /* HomeTBVC.swift */ = {isa = PBXFileReference; lastKnownFileType = sourcecode.swift; path = HomeTBVC.swift; sourceTree = "<group>"; };
		AB3A4A8F22E40A61003DAAD0 /* TabBar.swift */ = {isa = PBXFileReference; lastKnownFileType = sourcecode.swift; path = TabBar.swift; sourceTree = "<group>"; };
		AB3A4A9122E40AD1003DAAD0 /* extensions.swift */ = {isa = PBXFileReference; lastKnownFileType = sourcecode.swift; path = extensions.swift; sourceTree = "<group>"; };
		AB3A4A9322E42118003DAAD0 /* TripDetailView.swift */ = {isa = PBXFileReference; lastKnownFileType = sourcecode.swift; path = TripDetailView.swift; sourceTree = "<group>"; };
		BFF3E6413A3CA4503FB8CC1B /* Pods-ePool.release.xcconfig */ = {isa = PBXFileReference; includeInIndex = 1; lastKnownFileType = text.xcconfig; name = "Pods-ePool.release.xcconfig"; path = "Pods/Target Support Files/Pods-ePool/Pods-ePool.release.xcconfig"; sourceTree = "<group>"; };
		C705517C8454EF4C7551C928 /* Pods_ePool.framework */ = {isa = PBXFileReference; explicitFileType = wrapper.framework; includeInIndex = 0; path = Pods_ePool.framework; sourceTree = BUILT_PRODUCTS_DIR; };
		E706FA6692CD656653D879E6 /* Pods-ePool.debug.xcconfig */ = {isa = PBXFileReference; includeInIndex = 1; lastKnownFileType = text.xcconfig; name = "Pods-ePool.debug.xcconfig"; path = "Pods/Target Support Files/Pods-ePool/Pods-ePool.debug.xcconfig"; sourceTree = "<group>"; };
		E9F3D72822E40ADD0044D53C /* eBayService.swift */ = {isa = PBXFileReference; lastKnownFileType = sourcecode.swift; path = eBayService.swift; sourceTree = "<group>"; };
		E9F3D72A22E412BA0044D53C /* eBayAPI.swift */ = {isa = PBXFileReference; lastKnownFileType = sourcecode.swift; path = eBayAPI.swift; sourceTree = "<group>"; };
/* End PBXFileReference section */

/* Begin PBXFrameworksBuildPhase section */
		AB3A4A6A22E3B72C003DAAD0 /* Frameworks */ = {
			isa = PBXFrameworksBuildPhase;
			buildActionMask = 2147483647;
			files = (
				685E2842F27CF0A2BB8606DD /* Pods_ePool.framework in Frameworks */,
			);
			runOnlyForDeploymentPostprocessing = 0;
		};
/* End PBXFrameworksBuildPhase section */

/* Begin PBXGroup section */
		AB3A4A6422E3B72C003DAAD0 = {
			isa = PBXGroup;
			children = (
				AB3A4A6F22E3B72C003DAAD0 /* ePool */,
				AB3A4A6E22E3B72C003DAAD0 /* Products */,
				FDB2195735981F2983D4C144 /* Pods */,
				E1A2EC53EAB5DE77A875F720 /* Frameworks */,
			);
			sourceTree = "<group>";
		};
		AB3A4A6E22E3B72C003DAAD0 /* Products */ = {
			isa = PBXGroup;
			children = (
				AB3A4A6D22E3B72C003DAAD0 /* ePool.app */,
			);
			name = Products;
			sourceTree = "<group>";
		};
		AB3A4A6F22E3B72C003DAAD0 /* ePool */ = {
			isa = PBXGroup;
			children = (
				AB3A4A8822E3F946003DAAD0 /* Cells */,
				AB3A4A7022E3B72C003DAAD0 /* AppDelegate.swift */,
				AB3A4A8622E3F218003DAAD0 /* MapView.swift */,
				AB3A4A7222E3B72C003DAAD0 /* ViewController.swift */,
				E9F3D72822E40ADD0044D53C /* eBayService.swift */,
				AB3A4A8B22E402DE003DAAD0 /* HomeTBVC.swift */,
				AB3A4A9322E42118003DAAD0 /* TripDetailView.swift */,
				E9F3D72A22E412BA0044D53C /* eBayAPI.swift */,
				AB3A4A7422E3B72C003DAAD0 /* Main.storyboard */,
				AB3A4A7722E3B72D003DAAD0 /* Assets.xcassets */,
				AB3A4A7922E3B72D003DAAD0 /* LaunchScreen.storyboard */,
				AB3A4A7C22E3B72D003DAAD0 /* Info.plist */,
				7A9E951722E40C2900201E36 /* MyRidesViewController.storyboard */,
				7A950B8322E4398C0044E126 /* TripActiveTableViewCell.swift */,
				7A950B8522E439B30044E126 /* TripPastTableViewCell.swift */,
				7A9E951922E42D6900201E36 /* MyRidesViewController.swift */,
				AB3A4A8F22E40A61003DAAD0 /* TabBar.swift */,
				AB3A4A9122E40AD1003DAAD0 /* extensions.swift */,
			);
			path = ePool;
			sourceTree = "<group>";
		};
		AB3A4A8822E3F946003DAAD0 /* Cells */ = {
			isa = PBXGroup;
			children = (
				AB3A4A8922E3F952003DAAD0 /* HomeCell.swift */,
			);
			path = Cells;
			sourceTree = "<group>";
		};
		E1A2EC53EAB5DE77A875F720 /* Frameworks */ = {
			isa = PBXGroup;
			children = (
				C705517C8454EF4C7551C928 /* Pods_ePool.framework */,
			);
			name = Frameworks;
			sourceTree = "<group>";
		};
		FDB2195735981F2983D4C144 /* Pods */ = {
			isa = PBXGroup;
			children = (
				E706FA6692CD656653D879E6 /* Pods-ePool.debug.xcconfig */,
				BFF3E6413A3CA4503FB8CC1B /* Pods-ePool.release.xcconfig */,
			);
			name = Pods;
			sourceTree = "<group>";
		};
/* End PBXGroup section */

/* Begin PBXNativeTarget section */
		AB3A4A6C22E3B72C003DAAD0 /* ePool */ = {
			isa = PBXNativeTarget;
			buildConfigurationList = AB3A4A7F22E3B72D003DAAD0 /* Build configuration list for PBXNativeTarget "ePool" */;
			buildPhases = (
				4D0B9FF27B6B7F38C89FF2E7 /* [CP] Check Pods Manifest.lock */,
				AB3A4A6922E3B72C003DAAD0 /* Sources */,
				AB3A4A6A22E3B72C003DAAD0 /* Frameworks */,
				AB3A4A6B22E3B72C003DAAD0 /* Resources */,
				EE85BE9998EE15450F5FC8ED /* [CP] Embed Pods Frameworks */,
			);
			buildRules = (
			);
			dependencies = (
			);
			name = ePool;
			productName = ePool;
			productReference = AB3A4A6D22E3B72C003DAAD0 /* ePool.app */;
			productType = "com.apple.product-type.application";
		};
/* End PBXNativeTarget section */

/* Begin PBXProject section */
		AB3A4A6522E3B72C003DAAD0 /* Project object */ = {
			isa = PBXProject;
			attributes = {
				LastSwiftUpdateCheck = 1020;
				LastUpgradeCheck = 1020;
				ORGANIZATIONNAME = "Jonathan Kopp";
				TargetAttributes = {
					AB3A4A6C22E3B72C003DAAD0 = {
						CreatedOnToolsVersion = 10.2.1;
					};
				};
			};
			buildConfigurationList = AB3A4A6822E3B72C003DAAD0 /* Build configuration list for PBXProject "ePool" */;
			compatibilityVersion = "Xcode 9.3";
			developmentRegion = en;
			hasScannedForEncodings = 0;
			knownRegions = (
				en,
				Base,
			);
			mainGroup = AB3A4A6422E3B72C003DAAD0;
			productRefGroup = AB3A4A6E22E3B72C003DAAD0 /* Products */;
			projectDirPath = "";
			projectRoot = "";
			targets = (
				AB3A4A6C22E3B72C003DAAD0 /* ePool */,
			);
		};
/* End PBXProject section */

/* Begin PBXResourcesBuildPhase section */
		AB3A4A6B22E3B72C003DAAD0 /* Resources */ = {
			isa = PBXResourcesBuildPhase;
			buildActionMask = 2147483647;
			files = (
				AB3A4A7B22E3B72D003DAAD0 /* LaunchScreen.storyboard in Resources */,
				AB3A4A7822E3B72D003DAAD0 /* Assets.xcassets in Resources */,
				7A9E951822E40C2900201E36 /* MyRidesViewController.storyboard in Resources */,
				AB3A4A7622E3B72C003DAAD0 /* Main.storyboard in Resources */,
			);
			runOnlyForDeploymentPostprocessing = 0;
		};
/* End PBXResourcesBuildPhase section */

/* Begin PBXShellScriptBuildPhase section */
		4D0B9FF27B6B7F38C89FF2E7 /* [CP] Check Pods Manifest.lock */ = {
			isa = PBXShellScriptBuildPhase;
			buildActionMask = 2147483647;
			files = (
			);
			inputPaths = (
				"${PODS_PODFILE_DIR_PATH}/Podfile.lock",
				"${PODS_ROOT}/Manifest.lock",
			);
			name = "[CP] Check Pods Manifest.lock";
			outputPaths = (
				"$(DERIVED_FILE_DIR)/Pods-ePool-checkManifestLockResult.txt",
			);
			runOnlyForDeploymentPostprocessing = 0;
			shellPath = /bin/sh;
			shellScript = "diff \"${PODS_PODFILE_DIR_PATH}/Podfile.lock\" \"${PODS_ROOT}/Manifest.lock\" > /dev/null\nif [ $? != 0 ] ; then\n    # print error to STDERR\n    echo \"error: The sandbox is not in sync with the Podfile.lock. Run 'pod install' or update your CocoaPods installation.\" >&2\n    exit 1\nfi\n# This output is used by Xcode 'outputs' to avoid re-running this script phase.\necho \"SUCCESS\" > \"${SCRIPT_OUTPUT_FILE_0}\"\n";
			showEnvVarsInLog = 0;
		};
		EE85BE9998EE15450F5FC8ED /* [CP] Embed Pods Frameworks */ = {
			isa = PBXShellScriptBuildPhase;
			buildActionMask = 2147483647;
			files = (
			);
			inputFileListPaths = (
				"${PODS_ROOT}/Target Support Files/Pods-ePool/Pods-ePool-frameworks-${CONFIGURATION}-input-files.xcfilelist",
			);
			name = "[CP] Embed Pods Frameworks";
			outputFileListPaths = (
				"${PODS_ROOT}/Target Support Files/Pods-ePool/Pods-ePool-frameworks-${CONFIGURATION}-output-files.xcfilelist",
			);
			runOnlyForDeploymentPostprocessing = 0;
			shellPath = /bin/sh;
			shellScript = "\"${PODS_ROOT}/Target Support Files/Pods-ePool/Pods-ePool-frameworks.sh\"\n";
			showEnvVarsInLog = 0;
		};
/* End PBXShellScriptBuildPhase section */

/* Begin PBXSourcesBuildPhase section */
		AB3A4A6922E3B72C003DAAD0 /* Sources */ = {
			isa = PBXSourcesBuildPhase;
			buildActionMask = 2147483647;
			files = (
				7A950B8622E439B30044E126 /* TripPastTableViewCell.swift in Sources */,
				AB3A4A8C22E402DE003DAAD0 /* HomeTBVC.swift in Sources */,
				AB3A4A7322E3B72C003DAAD0 /* ViewController.swift in Sources */,
				7A950B8422E4398C0044E126 /* TripActiveTableViewCell.swift in Sources */,
				E9F3D72B22E412BA0044D53C /* eBayAPI.swift in Sources */,
				AB3A4A8722E3F218003DAAD0 /* MapView.swift in Sources */,
				E9F3D72922E40ADD0044D53C /* eBayService.swift in Sources */,
				7A9E951A22E42D6900201E36 /* MyRidesViewController.swift in Sources */,
				AB3A4A9222E40AD1003DAAD0 /* extensions.swift in Sources */,
				AB3A4A9422E42118003DAAD0 /* TripDetailView.swift in Sources */,
				AB3A4A9022E40A61003DAAD0 /* TabBar.swift in Sources */,
				AB3A4A8A22E3F952003DAAD0 /* HomeCell.swift in Sources */,
				AB3A4A7122E3B72C003DAAD0 /* AppDelegate.swift in Sources */,
			);
			runOnlyForDeploymentPostprocessing = 0;
		};
/* End PBXSourcesBuildPhase section */

/* Begin PBXVariantGroup section */
		AB3A4A7422E3B72C003DAAD0 /* Main.storyboard */ = {
			isa = PBXVariantGroup;
			children = (
				AB3A4A7522E3B72C003DAAD0 /* Base */,
			);
			name = Main.storyboard;
			sourceTree = "<group>";
		};
		AB3A4A7922E3B72D003DAAD0 /* LaunchScreen.storyboard */ = {
			isa = PBXVariantGroup;
			children = (
				AB3A4A7A22E3B72D003DAAD0 /* Base */,
			);
			name = LaunchScreen.storyboard;
			sourceTree = "<group>";
		};
/* End PBXVariantGroup section */

/* Begin XCBuildConfiguration section */
		AB3A4A7D22E3B72D003DAAD0 /* Debug */ = {
			isa = XCBuildConfiguration;
			buildSettings = {
				ALWAYS_SEARCH_USER_PATHS = NO;
				CLANG_ANALYZER_NONNULL = YES;
				CLANG_ANALYZER_NUMBER_OBJECT_CONVERSION = YES_AGGRESSIVE;
				CLANG_CXX_LANGUAGE_STANDARD = "gnu++14";
				CLANG_CXX_LIBRARY = "libc++";
				CLANG_ENABLE_MODULES = YES;
				CLANG_ENABLE_OBJC_ARC = YES;
				CLANG_ENABLE_OBJC_WEAK = YES;
				CLANG_WARN_BLOCK_CAPTURE_AUTORELEASING = YES;
				CLANG_WARN_BOOL_CONVERSION = YES;
				CLANG_WARN_COMMA = YES;
				CLANG_WARN_CONSTANT_CONVERSION = YES;
				CLANG_WARN_DEPRECATED_OBJC_IMPLEMENTATIONS = YES;
				CLANG_WARN_DIRECT_OBJC_ISA_USAGE = YES_ERROR;
				CLANG_WARN_DOCUMENTATION_COMMENTS = YES;
				CLANG_WARN_EMPTY_BODY = YES;
				CLANG_WARN_ENUM_CONVERSION = YES;
				CLANG_WARN_INFINITE_RECURSION = YES;
				CLANG_WARN_INT_CONVERSION = YES;
				CLANG_WARN_NON_LITERAL_NULL_CONVERSION = YES;
				CLANG_WARN_OBJC_IMPLICIT_RETAIN_SELF = YES;
				CLANG_WARN_OBJC_LITERAL_CONVERSION = YES;
				CLANG_WARN_OBJC_ROOT_CLASS = YES_ERROR;
				CLANG_WARN_RANGE_LOOP_ANALYSIS = YES;
				CLANG_WARN_STRICT_PROTOTYPES = YES;
				CLANG_WARN_SUSPICIOUS_MOVE = YES;
				CLANG_WARN_UNGUARDED_AVAILABILITY = YES_AGGRESSIVE;
				CLANG_WARN_UNREACHABLE_CODE = YES;
				CLANG_WARN__DUPLICATE_METHOD_MATCH = YES;
				CODE_SIGN_IDENTITY = "iPhone Developer";
				COPY_PHASE_STRIP = NO;
				DEBUG_INFORMATION_FORMAT = dwarf;
				ENABLE_STRICT_OBJC_MSGSEND = YES;
				ENABLE_TESTABILITY = YES;
				GCC_C_LANGUAGE_STANDARD = gnu11;
				GCC_DYNAMIC_NO_PIC = NO;
				GCC_NO_COMMON_BLOCKS = YES;
				GCC_OPTIMIZATION_LEVEL = 0;
				GCC_PREPROCESSOR_DEFINITIONS = (
					"DEBUG=1",
					"$(inherited)",
				);
				GCC_WARN_64_TO_32_BIT_CONVERSION = YES;
				GCC_WARN_ABOUT_RETURN_TYPE = YES_ERROR;
				GCC_WARN_UNDECLARED_SELECTOR = YES;
				GCC_WARN_UNINITIALIZED_AUTOS = YES_AGGRESSIVE;
				GCC_WARN_UNUSED_FUNCTION = YES;
				GCC_WARN_UNUSED_VARIABLE = YES;
				IPHONEOS_DEPLOYMENT_TARGET = 12.2;
				MTL_ENABLE_DEBUG_INFO = INCLUDE_SOURCE;
				MTL_FAST_MATH = YES;
				ONLY_ACTIVE_ARCH = YES;
				SDKROOT = iphoneos;
				SWIFT_ACTIVE_COMPILATION_CONDITIONS = DEBUG;
				SWIFT_OPTIMIZATION_LEVEL = "-Onone";
			};
			name = Debug;
		};
		AB3A4A7E22E3B72D003DAAD0 /* Release */ = {
			isa = XCBuildConfiguration;
			buildSettings = {
				ALWAYS_SEARCH_USER_PATHS = NO;
				CLANG_ANALYZER_NONNULL = YES;
				CLANG_ANALYZER_NUMBER_OBJECT_CONVERSION = YES_AGGRESSIVE;
				CLANG_CXX_LANGUAGE_STANDARD = "gnu++14";
				CLANG_CXX_LIBRARY = "libc++";
				CLANG_ENABLE_MODULES = YES;
				CLANG_ENABLE_OBJC_ARC = YES;
				CLANG_ENABLE_OBJC_WEAK = YES;
				CLANG_WARN_BLOCK_CAPTURE_AUTORELEASING = YES;
				CLANG_WARN_BOOL_CONVERSION = YES;
				CLANG_WARN_COMMA = YES;
				CLANG_WARN_CONSTANT_CONVERSION = YES;
				CLANG_WARN_DEPRECATED_OBJC_IMPLEMENTATIONS = YES;
				CLANG_WARN_DIRECT_OBJC_ISA_USAGE = YES_ERROR;
				CLANG_WARN_DOCUMENTATION_COMMENTS = YES;
				CLANG_WARN_EMPTY_BODY = YES;
				CLANG_WARN_ENUM_CONVERSION = YES;
				CLANG_WARN_INFINITE_RECURSION = YES;
				CLANG_WARN_INT_CONVERSION = YES;
				CLANG_WARN_NON_LITERAL_NULL_CONVERSION = YES;
				CLANG_WARN_OBJC_IMPLICIT_RETAIN_SELF = YES;
				CLANG_WARN_OBJC_LITERAL_CONVERSION = YES;
				CLANG_WARN_OBJC_ROOT_CLASS = YES_ERROR;
				CLANG_WARN_RANGE_LOOP_ANALYSIS = YES;
				CLANG_WARN_STRICT_PROTOTYPES = YES;
				CLANG_WARN_SUSPICIOUS_MOVE = YES;
				CLANG_WARN_UNGUARDED_AVAILABILITY = YES_AGGRESSIVE;
				CLANG_WARN_UNREACHABLE_CODE = YES;
				CLANG_WARN__DUPLICATE_METHOD_MATCH = YES;
				CODE_SIGN_IDENTITY = "iPhone Developer";
				COPY_PHASE_STRIP = NO;
				DEBUG_INFORMATION_FORMAT = "dwarf-with-dsym";
				ENABLE_NS_ASSERTIONS = NO;
				ENABLE_STRICT_OBJC_MSGSEND = YES;
				GCC_C_LANGUAGE_STANDARD = gnu11;
				GCC_NO_COMMON_BLOCKS = YES;
				GCC_WARN_64_TO_32_BIT_CONVERSION = YES;
				GCC_WARN_ABOUT_RETURN_TYPE = YES_ERROR;
				GCC_WARN_UNDECLARED_SELECTOR = YES;
				GCC_WARN_UNINITIALIZED_AUTOS = YES_AGGRESSIVE;
				GCC_WARN_UNUSED_FUNCTION = YES;
				GCC_WARN_UNUSED_VARIABLE = YES;
				IPHONEOS_DEPLOYMENT_TARGET = 12.2;
				MTL_ENABLE_DEBUG_INFO = NO;
				MTL_FAST_MATH = YES;
				SDKROOT = iphoneos;
				SWIFT_COMPILATION_MODE = wholemodule;
				SWIFT_OPTIMIZATION_LEVEL = "-O";
				VALIDATE_PRODUCT = YES;
			};
			name = Release;
		};
		AB3A4A8022E3B72D003DAAD0 /* Debug */ = {
			isa = XCBuildConfiguration;
			baseConfigurationReference = E706FA6692CD656653D879E6 /* Pods-ePool.debug.xcconfig */;
			buildSettings = {
				ASSETCATALOG_COMPILER_APPICON_NAME = AppIcon;
				CODE_SIGN_STYLE = Automatic;
				DEVELOPMENT_TEAM = RUS5Y57VG8;
				FRAMEWORK_SEARCH_PATHS = (
					"$(inherited)",
					"$(PROJECT_DIR)",
				);
				INFOPLIST_FILE = ePool/Info.plist;
				LD_RUNPATH_SEARCH_PATHS = (
					"$(inherited)",
					"@executable_path/Frameworks",
				);
				PRODUCT_BUNDLE_IDENTIFIER = com.JonathanKopp.ePool;
				PRODUCT_NAME = "$(TARGET_NAME)";
				SWIFT_VERSION = 5.0;
				TARGETED_DEVICE_FAMILY = "1,2";
			};
			name = Debug;
		};
		AB3A4A8122E3B72D003DAAD0 /* Release */ = {
			isa = XCBuildConfiguration;
			baseConfigurationReference = BFF3E6413A3CA4503FB8CC1B /* Pods-ePool.release.xcconfig */;
			buildSettings = {
				ASSETCATALOG_COMPILER_APPICON_NAME = AppIcon;
				CODE_SIGN_STYLE = Automatic;
				DEVELOPMENT_TEAM = RUS5Y57VG8;
				FRAMEWORK_SEARCH_PATHS = (
					"$(inherited)",
					"$(PROJECT_DIR)",
				);
				INFOPLIST_FILE = ePool/Info.plist;
				LD_RUNPATH_SEARCH_PATHS = (
					"$(inherited)",
					"@executable_path/Frameworks",
				);
				PRODUCT_BUNDLE_IDENTIFIER = com.JonathanKopp.ePool;
				PRODUCT_NAME = "$(TARGET_NAME)";
				SWIFT_VERSION = 5.0;
				TARGETED_DEVICE_FAMILY = "1,2";
			};
			name = Release;
		};
/* End XCBuildConfiguration section */

/* Begin XCConfigurationList section */
		AB3A4A6822E3B72C003DAAD0 /* Build configuration list for PBXProject "ePool" */ = {
			isa = XCConfigurationList;
			buildConfigurations = (
				AB3A4A7D22E3B72D003DAAD0 /* Debug */,
				AB3A4A7E22E3B72D003DAAD0 /* Release */,
			);
			defaultConfigurationIsVisible = 0;
			defaultConfigurationName = Release;
		};
		AB3A4A7F22E3B72D003DAAD0 /* Build configuration list for PBXNativeTarget "ePool" */ = {
			isa = XCConfigurationList;
			buildConfigurations = (
				AB3A4A8022E3B72D003DAAD0 /* Debug */,
				AB3A4A8122E3B72D003DAAD0 /* Release */,
			);
			defaultConfigurationIsVisible = 0;
			defaultConfigurationName = Release;
		};
/* End XCConfigurationList section */
	};
	rootObject = AB3A4A6522E3B72C003DAAD0 /* Project object */;
}
